<?xml version="1.0" encoding="utf-8"?>
<Project ToolsVersion="4.0" xmlns="http://schemas.microsoft.com/developer/msbuild/2003">
  <ItemGroup>
    <Filter Include="99.Defaults">
      <UniqueIdentifier>{2acc845a-1298-4b62-89cc-81af80eafa0c}</UniqueIdentifier>
    </Filter>
    <Filter Include="00.MainApp">
      <UniqueIdentifier>{b8452d7e-e9d0-4e1d-9661-c02773daa5e9}</UniqueIdentifier>
    </Filter>
    <Filter Include="98.Headers">
      <UniqueIdentifier>{b5ed870c-62a0-4d03-991e-f6391bae6a84}</UniqueIdentifier>
    </Filter>
    <Filter Include="01.CObj">
      <UniqueIdentifier>{99b1ed41-e1f2-4ebe-90c8-4a61508658fd}</UniqueIdentifier>
    </Filter>
    <Filter Include="97.Manager">
      <UniqueIdentifier>{71f26829-d07c-474c-9280-d341e64cda3e}</UniqueIdentifier>
    </Filter>
    <Filter Include="99.DesignPattern">
      <UniqueIdentifier>{4c9aafab-ba77-4480-ba32-afd1ca737798}</UniqueIdentifier>
    </Filter>
    <Filter Include="01.CObj\010.CObj">
      <UniqueIdentifier>{554f9f09-c707-46f9-ade2-63dec8be3839}</UniqueIdentifier>
    </Filter>
    <Filter Include="01.CObj\011.Player">
      <UniqueIdentifier>{357a963c-dbe6-4977-b2cf-17a53d912e2a}</UniqueIdentifier>
    </Filter>
    <Filter Include="01.CObj\013.Moster">
      <UniqueIdentifier>{44385d66-07a2-4667-b107-f1160c304dc4}</UniqueIdentifier>
    </Filter>
    <Filter Include="97.Manager\ObjManager">
      <UniqueIdentifier>{31193f6b-06c1-460f-9498-fac38ebb18d8}</UniqueIdentifier>
    </Filter>
    <Filter Include="97.Manager\CollisionManager">
      <UniqueIdentifier>{528717e1-6ee6-4d44-b0c9-03a24630bc82}</UniqueIdentifier>
    </Filter>
    <Filter Include="97.Manager\PlayerManager">
      <UniqueIdentifier>{a2695ad8-9193-4475-90df-c41d0c703b88}</UniqueIdentifier>
    </Filter>
    <Filter Include="99.Defaults\Client">
      <UniqueIdentifier>{cf850a83-4cb0-453a-865b-ccecc613b7bc}</UniqueIdentifier>
    </Filter>
    <Filter Include="97.Manager\SceneManager">
      <UniqueIdentifier>{8e0f38a2-6f22-4169-aee1-6d4c87668e1b}</UniqueIdentifier>
    </Filter>
    <Filter Include="02.Scene">
      <UniqueIdentifier>{02cc1c29-9a15-4170-b1bc-006de2e759b9}</UniqueIdentifier>
    </Filter>
    <Filter Include="02.Scene\021.Logo">
      <UniqueIdentifier>{cd9f98ae-b653-4dbf-adba-7c2544066b24}</UniqueIdentifier>
    </Filter>
    <Filter Include="02.Scene\022.Intro">
      <UniqueIdentifier>{fa08abf8-0562-4828-92ac-19775e2cd25d}</UniqueIdentifier>
    </Filter>
    <Filter Include="02.Scene\023.Lobby">
      <UniqueIdentifier>{27b788fa-b99e-4cb7-8e89-40cbe8722aa9}</UniqueIdentifier>
    </Filter>
    <Filter Include="97.Manager\KeyManager">
      <UniqueIdentifier>{98d01ecf-2239-407f-a043-eea47be85222}</UniqueIdentifier>
    </Filter>
    <Filter Include="97.Manager\TimeManager">
      <UniqueIdentifier>{fd23e4ad-b244-4a9b-a9fc-79104f96d839}</UniqueIdentifier>
    </Filter>
    <Filter Include="01.CObj\011.Player\Inventory">
      <UniqueIdentifier>{06127f55-4f09-4d68-829f-f795393ca4a9}</UniqueIdentifier>
    </Filter>
    <Filter Include="01.CObj\011.Player\Weapon">
      <UniqueIdentifier>{8f4d4fc0-2dfb-4a30-abdb-7f54b6471022}</UniqueIdentifier>
    </Filter>
    <Filter Include="97.Manager\CameraManager">
      <UniqueIdentifier>{b5dba19a-ae79-422b-b909-e779e1bdb004}</UniqueIdentifier>
    </Filter>
    <Filter Include="01.CObj\012.Projectile">
      <UniqueIdentifier>{3d9b25ba-8924-4f06-923d-34f430293d87}</UniqueIdentifier>
    </Filter>
    <Filter Include="01.CObj\012.Projectile\Bullet">
      <UniqueIdentifier>{790f73dc-f39a-490e-8f97-03ca6290a46b}</UniqueIdentifier>
    </Filter>
    <Filter Include="01.CObj\012.Projectile\Bullet\03.Boomerang">
      <UniqueIdentifier>{ccf8a9cf-b8ca-47d5-b892-f827fdb19e2d}</UniqueIdentifier>
    </Filter>
    <Filter Include="01.CObj\012.Projectile\Bullet\02.Shotgun">
      <UniqueIdentifier>{94eb98bd-8c90-4cc2-a706-46acef6213b1}</UniqueIdentifier>
    </Filter>
    <Filter Include="01.CObj\012.Projectile\Bullet\01.Base">
      <UniqueIdentifier>{e335e9fe-a13e-4e77-9349-533df0d06b87}</UniqueIdentifier>
    </Filter>
    <Filter Include="01.CObj\012.Projectile\Bullet\04.Casing">
      <UniqueIdentifier>{1d406795-9f58-4738-996c-508c55e1b4d2}</UniqueIdentifier>
    </Filter>
    <Filter Include="01.CObj\012.Projectile\Grenade">
      <UniqueIdentifier>{e5f25d64-a44d-4b2a-b99a-219ef9c4d142}</UniqueIdentifier>
    </Filter>
    <Filter Include="01.CObj\013.Moster\State">
      <UniqueIdentifier>{4909bac7-c109-415d-854f-7157985679c6}</UniqueIdentifier>
    </Filter>
    <Filter Include="03.Texture">
      <UniqueIdentifier>{6d06e1f4-53e6-4a71-931d-4be085c992da}</UniqueIdentifier>
    </Filter>
    <Filter Include="03.Texture\Single">
      <UniqueIdentifier>{586c1cbb-9717-4f8e-a6df-68fe62acc49e}</UniqueIdentifier>
    </Filter>
    <Filter Include="03.Texture\Multi">
      <UniqueIdentifier>{91277170-6344-46b2-9e87-dd2e1407cc87}</UniqueIdentifier>
    </Filter>
    <Filter Include="04.CGraphicDevice">
      <UniqueIdentifier>{58b19a43-c958-4cee-8a13-816b47f0b23d}</UniqueIdentifier>
    </Filter>
    <Filter Include="03.Texture\TextureManager">
      <UniqueIdentifier>{38515ec4-7885-4c81-81a8-06200274902d}</UniqueIdentifier>
    </Filter>
    <Filter Include="97.Manager\MapManager">
      <UniqueIdentifier>{33b16aa7-8a66-4ff6-ba8c-ce41407560f6}</UniqueIdentifier>
    </Filter>
    <Filter Include="01.CObj\014.Structure">
      <UniqueIdentifier>{c0f2530b-623d-4302-9039-743b739757e1}</UniqueIdentifier>
    </Filter>
    <Filter Include="05.Animation">
      <UniqueIdentifier>{121aee16-aff6-4670-bf31-d4815f7034a0}</UniqueIdentifier>
    </Filter>
    <Filter Include="01.CObj\011.Player\StatePattern">
      <UniqueIdentifier>{6452066d-13d7-43ad-9c6e-b2740c2adfa4}</UniqueIdentifier>
    </Filter>
    <Filter Include="06.ImageSetting">
      <UniqueIdentifier>{44d5fbf0-a4e5-4db7-b6a5-57c71de3094b}</UniqueIdentifier>
    </Filter>
    <Filter Include="07.Shadow">
      <UniqueIdentifier>{31414bdc-b614-4bc9-9c0f-088360603a85}</UniqueIdentifier>
    </Filter>
    <Filter Include="01.CObj\015.Boss">
      <UniqueIdentifier>{3f47f798-e070-47ff-8c3a-ab522d4c84f5}</UniqueIdentifier>
    </Filter>
    <Filter Include="01.CObj\015.Boss\StatePattern">
      <UniqueIdentifier>{8e24e4d8-6d1f-41f8-9f4c-b6a4e9a37894}</UniqueIdentifier>
    </Filter>
    <Filter Include="01.CObj\012.Projectile\Bullet\05.Rocket">
      <UniqueIdentifier>{8dcd1b09-1bbe-4f90-95a4-4998889fed83}</UniqueIdentifier>
    </Filter>
    <Filter Include="97.Manager\EnemyManager">
      <UniqueIdentifier>{07a84792-9b60-49aa-93b4-b2a9b45885be}</UniqueIdentifier>
    </Filter>
    <Filter Include="01.CObj\016.Item">
      <UniqueIdentifier>{72cfe1c6-034b-48de-8d45-a3b602615f2c}</UniqueIdentifier>
    </Filter>
    <Filter Include="01.CObj\016.Item\StatePattern">
      <UniqueIdentifier>{920e13ba-b6f5-4496-8d18-0bbb236ea584}</UniqueIdentifier>
    </Filter>
    <Filter Include="97.Manager\InteractionManager">
      <UniqueIdentifier>{8992afa0-a794-423c-bd95-f2b931a5be3f}</UniqueIdentifier>
    </Filter>
    <Filter Include="02.Scene\026.End">
      <UniqueIdentifier>{a540079a-8cc1-4572-9c19-4e4ca494ef8a}</UniqueIdentifier>
    </Filter>
    <Filter Include="02.Scene\027.Edit">
      <UniqueIdentifier>{c4d0fca6-e5e2-4f15-89bf-674a2986ad53}</UniqueIdentifier>
    </Filter>
    <Filter Include="02.Scene\025.Game">
      <UniqueIdentifier>{564e28f9-dd07-4f64-98c8-2739f5968177}</UniqueIdentifier>
    </Filter>
    <Filter Include="02.Scene\024.Menu">
      <UniqueIdentifier>{49239a4d-a557-411b-acf4-c1662947adb2}</UniqueIdentifier>
    </Filter>
    <Filter Include="08.UI">
      <UniqueIdentifier>{4399fab2-142f-4c20-8959-e01cad0a3581}</UniqueIdentifier>
    </Filter>
    <Filter Include="08.UI\081.Button">
      <UniqueIdentifier>{8648c126-abed-4077-b5dd-94eb22b219df}</UniqueIdentifier>
    </Filter>
    <Filter Include="08.UI\082.Star">
      <UniqueIdentifier>{6bbba4cc-8d95-43fe-bf88-a2d2f5958384}</UniqueIdentifier>
    </Filter>
    <Filter Include="08.UI\083.SelButton">
      <UniqueIdentifier>{901fbfcc-b9c0-4f22-9e4f-6028d7b70614}</UniqueIdentifier>
    </Filter>
    <Filter Include="08.UI\084.StatBox">
      <UniqueIdentifier>{885dd95a-88e3-4ef7-8390-97a7b051181d}</UniqueIdentifier>
    </Filter>
    <Filter Include="08.UI\084.StatBox\StatBoxButton">
      <UniqueIdentifier>{bdd443ce-ca59-4d3b-8478-08d025ec4956}</UniqueIdentifier>
    </Filter>
    <Filter Include="01.CObj\012.Projectile\Bullet\06.Plasma">
      <UniqueIdentifier>{d2396772-3760-41c9-9229-585b48f5d0a7}</UniqueIdentifier>
    </Filter>
    <Filter Include="09.Mouse">
      <UniqueIdentifier>{bb219053-15d4-4a3d-82ac-eb0a64b2e659}</UniqueIdentifier>
    </Filter>
    <Filter Include="97.Manager\UICameraManager">
      <UniqueIdentifier>{b52e9054-a7fc-4e11-ba7d-eeebd960d0a1}</UniqueIdentifier>
    </Filter>
    <Filter Include="08.UI\085.PlayerInfo">
      <UniqueIdentifier>{17ef0c26-b507-4cf7-b4cb-c23020b67e58}</UniqueIdentifier>
    </Filter>
  </ItemGroup>
  <ItemGroup>
    <ClInclude Include="framework.h">
      <Filter>99.Defaults</Filter>
    </ClInclude>
    <ClInclude Include="pch.h">
      <Filter>99.Defaults</Filter>
    </ClInclude>
    <ClInclude Include="Resource.h">
      <Filter>99.Defaults</Filter>
    </ClInclude>
    <ClInclude Include="targetver.h">
      <Filter>99.Defaults</Filter>
    </ClInclude>
    <ClInclude Include="CMainApp.h">
      <Filter>00.MainApp</Filter>
    </ClInclude>
    <ClInclude Include="Total.h">
      <Filter>98.Headers</Filter>
    </ClInclude>
    <ClInclude Include="CPlayer.h">
      <Filter>01.CObj\011.Player</Filter>
    </ClInclude>
    <ClInclude Include="CObj.h">
      <Filter>01.CObj\010.CObj</Filter>
    </ClInclude>
    <ClInclude Include="CAbstractFactory.h">
      <Filter>99.DesignPattern</Filter>
    </ClInclude>
    <ClInclude Include="CBoomerang.h">
      <Filter>01.CObj\012.Projectile\Bullet\03.Boomerang</Filter>
    </ClInclude>
    <ClInclude Include="CShotGun.h">
      <Filter>01.CObj\012.Projectile\Bullet\02.Shotgun</Filter>
    </ClInclude>
    <ClInclude Include="CBullet.h">
      <Filter>01.CObj\012.Projectile\Bullet\01.Base</Filter>
    </ClInclude>
    <ClInclude Include="CMonster.h">
      <Filter>01.CObj\013.Moster</Filter>
    </ClInclude>
    <ClInclude Include="CObjManager.h">
      <Filter>97.Manager\ObjManager</Filter>
    </ClInclude>
    <ClInclude Include="CCollisionManager.h">
      <Filter>97.Manager\CollisionManager</Filter>
    </ClInclude>
    <ClInclude Include="CPlayerManager.h">
      <Filter>97.Manager\PlayerManager</Filter>
    </ClInclude>
    <ClInclude Include="Client.h">
      <Filter>99.Defaults\Client</Filter>
    </ClInclude>
    <ClInclude Include="CScene.h">
      <Filter>02.Scene</Filter>
    </ClInclude>
    <ClInclude Include="CSceneManager.h">
      <Filter>97.Manager\SceneManager</Filter>
    </ClInclude>
    <ClInclude Include="CGame.h">
      <Filter>02.Scene\025.Game</Filter>
    </ClInclude>
    <ClInclude Include="CGrenade.h">
      <Filter>01.CObj\012.Projectile\Grenade</Filter>
    </ClInclude>
    <ClInclude Include="Define.h">
      <Filter>98.Headers</Filter>
    </ClInclude>
    <ClInclude Include="Struct.h">
      <Filter>98.Headers</Filter>
    </ClInclude>
    <ClInclude Include="CKeyManager.h">
      <Filter>97.Manager\KeyManager</Filter>
    </ClInclude>
    <ClInclude Include="CTimeManager.h">
      <Filter>97.Manager\TimeManager</Filter>
    </ClInclude>
    <ClInclude Include="Function.h">
      <Filter>98.Headers</Filter>
    </ClInclude>
    <ClInclude Include="CCasing.h">
      <Filter>01.CObj\012.Projectile\Bullet\04.Casing</Filter>
    </ClInclude>
    <ClInclude Include="Const.h">
      <Filter>98.Headers</Filter>
    </ClInclude>
    <ClInclude Include="CInventory.h">
      <Filter>01.CObj\011.Player\Inventory</Filter>
    </ClInclude>
    <ClInclude Include="CWeapon.h">
      <Filter>01.CObj\011.Player\Weapon</Filter>
    </ClInclude>
    <ClInclude Include="CMonsterState.h">
      <Filter>01.CObj\013.Moster\State</Filter>
    </ClInclude>
    <ClInclude Include="CCameraManager.h">
      <Filter>97.Manager\CameraManager</Filter>
    </ClInclude>
    <ClInclude Include="CTexture.h">
      <Filter>03.Texture</Filter>
    </ClInclude>
    <ClInclude Include="CSingleTexture.h">
      <Filter>03.Texture\Single</Filter>
    </ClInclude>
    <ClInclude Include="CGraphicDevice.h">
      <Filter>04.CGraphicDevice</Filter>
    </ClInclude>
    <ClInclude Include="CMultiTexture.h">
      <Filter>03.Texture\Multi</Filter>
    </ClInclude>
    <ClInclude Include="CTextureManager.h">
      <Filter>03.Texture\TextureManager</Filter>
    </ClInclude>
    <ClInclude Include="CMapManager.h">
      <Filter>97.Manager\MapManager</Filter>
    </ClInclude>
    <ClInclude Include="CStructure.h">
      <Filter>01.CObj\014.Structure</Filter>
    </ClInclude>
    <ClInclude Include="CAnimation.h">
      <Filter>05.Animation</Filter>
    </ClInclude>
    <ClInclude Include="CPlayerState.h">
      <Filter>01.CObj\011.Player\StatePattern</Filter>
    </ClInclude>
    <ClInclude Include="CImageSetting.h">
      <Filter>06.ImageSetting</Filter>
    </ClInclude>
    <ClInclude Include="CShadow.h">
      <Filter>07.Shadow</Filter>
    </ClInclude>
    <ClInclude Include="CBoss.h">
      <Filter>01.CObj\015.Boss</Filter>
    </ClInclude>
    <ClInclude Include="CBossState.h">
      <Filter>01.CObj\015.Boss\StatePattern</Filter>
    </ClInclude>
    <ClInclude Include="CRocket.h">
      <Filter>01.CObj\012.Projectile\Bullet\05.Rocket</Filter>
    </ClInclude>
    <ClInclude Include="CEnemyManager.h">
      <Filter>97.Manager\EnemyManager</Filter>
    </ClInclude>
    <ClInclude Include="CItem.h">
      <Filter>01.CObj\016.Item</Filter>
    </ClInclude>
    <ClInclude Include="CItemState.h">
      <Filter>01.CObj\016.Item\StatePattern</Filter>
    </ClInclude>
    <ClInclude Include="CInteractionManager.h">
      <Filter>97.Manager\InteractionManager</Filter>
    </ClInclude>
    <ClInclude Include="CIntro.h">
      <Filter>02.Scene\022.Intro</Filter>
    </ClInclude>
    <ClInclude Include="CLogo.h">
      <Filter>02.Scene\021.Logo</Filter>
    </ClInclude>
    <ClInclude Include="CLobby.h">
      <Filter>02.Scene\023.Lobby</Filter>
    </ClInclude>
    <ClInclude Include="CButton.h">
      <Filter>08.UI\081.Button</Filter>
    </ClInclude>
    <ClInclude Include="CDecoStar.h">
      <Filter>08.UI\082.Star</Filter>
    </ClInclude>
    <ClInclude Include="CMenu.h">
      <Filter>02.Scene\024.Menu</Filter>
    </ClInclude>
    <ClInclude Include="CSelButton.h">
      <Filter>08.UI\083.SelButton</Filter>
    </ClInclude>
    <ClInclude Include="CStatBox.h">
      <Filter>08.UI\084.StatBox</Filter>
    </ClInclude>
    <ClInclude Include="CStatBoxButton.h">
      <Filter>08.UI\084.StatBox\StatBoxButton</Filter>
    </ClInclude>
    <ClInclude Include="CPlasma.h">
      <Filter>01.CObj\012.Projectile\Bullet\06.Plasma</Filter>
    </ClInclude>
    <ClInclude Include="CMouse.h">
      <Filter>09.Mouse</Filter>
    </ClInclude>
    <ClInclude Include="UICameraManager.h">
      <Filter>97.Manager\UICameraManager</Filter>
    </ClInclude>
    <ClInclude Include="CPlayerInfo.h">
      <Filter>08.UI\085.PlayerInfo</Filter>
    </ClInclude>
  </ItemGroup>
  <ItemGroup>
    <ClCompile Include="pch.cpp">
      <Filter>99.Defaults</Filter>
    </ClCompile>
    <ClCompile Include="CMainApp.cpp">
      <Filter>00.MainApp</Filter>
    </ClCompile>
    <ClCompile Include="CPlayer.cpp">
      <Filter>01.CObj\011.Player</Filter>
    </ClCompile>
    <ClCompile Include="CObj.cpp">
      <Filter>01.CObj\010.CObj</Filter>
    </ClCompile>
    <ClCompile Include="CBoomerang.cpp">
      <Filter>01.CObj\012.Projectile\Bullet\03.Boomerang</Filter>
    </ClCompile>
    <ClCompile Include="CShotGun.cpp">
      <Filter>01.CObj\012.Projectile\Bullet\02.Shotgun</Filter>
    </ClCompile>
    <ClCompile Include="CBullet.cpp">
      <Filter>01.CObj\012.Projectile\Bullet\01.Base</Filter>
    </ClCompile>
    <ClCompile Include="CMonster.cpp">
      <Filter>01.CObj\013.Moster</Filter>
    </ClCompile>
    <ClCompile Include="CObjManager.cpp">
      <Filter>97.Manager\ObjManager</Filter>
    </ClCompile>
    <ClCompile Include="CCollisionManager.cpp">
      <Filter>97.Manager\CollisionManager</Filter>
    </ClCompile>
    <ClCompile Include="CPlayerManager.cpp">
      <Filter>97.Manager\PlayerManager</Filter>
    </ClCompile>
    <ClCompile Include="Client.cpp">
      <Filter>99.Defaults\Client</Filter>
    </ClCompile>
    <ClCompile Include="CScene.cpp">
      <Filter>02.Scene</Filter>
    </ClCompile>
    <ClCompile Include="CSceneManager.cpp">
      <Filter>97.Manager\SceneManager</Filter>
    </ClCompile>
    <ClCompile Include="CGame.cpp">
      <Filter>02.Scene\025.Game</Filter>
    </ClCompile>
    <ClCompile Include="CGrenade.cpp">
      <Filter>01.CObj\012.Projectile\Grenade</Filter>
    </ClCompile>
    <ClCompile Include="CKeyManager.cpp">
      <Filter>97.Manager\KeyManager</Filter>
    </ClCompile>
    <ClCompile Include="CTimeManager.cpp">
      <Filter>97.Manager\TimeManager</Filter>
    </ClCompile>
    <ClCompile Include="Function.cpp">
      <Filter>98.Headers</Filter>
    </ClCompile>
    <ClCompile Include="CCasing.cpp">
      <Filter>01.CObj\012.Projectile\Bullet\04.Casing</Filter>
    </ClCompile>
    <ClCompile Include="CInventory.cpp">
      <Filter>01.CObj\011.Player\Inventory</Filter>
    </ClCompile>
    <ClCompile Include="CWeapon.cpp">
      <Filter>01.CObj\011.Player\Weapon</Filter>
    </ClCompile>
    <ClCompile Include="CMonsterState.cpp">
      <Filter>01.CObj\013.Moster\State</Filter>
    </ClCompile>
    <ClCompile Include="CCameraManager.cpp">
      <Filter>97.Manager\CameraManager</Filter>
    </ClCompile>
    <ClCompile Include="CTexture.cpp">
      <Filter>03.Texture</Filter>
    </ClCompile>
    <ClCompile Include="CSingleTexture.cpp">
      <Filter>03.Texture\Single</Filter>
    </ClCompile>
    <ClCompile Include="CGraphicDevice.cpp">
      <Filter>04.CGraphicDevice</Filter>
    </ClCompile>
    <ClCompile Include="CMultiTexture.cpp">
      <Filter>03.Texture\Multi</Filter>
    </ClCompile>
    <ClCompile Include="CTextureManager.cpp">
      <Filter>03.Texture\TextureManager</Filter>
    </ClCompile>
    <ClCompile Include="CMapManager.cpp">
      <Filter>97.Manager\MapManager</Filter>
    </ClCompile>
    <ClCompile Include="CStructure.cpp">
      <Filter>01.CObj\014.Structure</Filter>
    </ClCompile>
    <ClCompile Include="CAnimation.cpp">
      <Filter>05.Animation</Filter>
    </ClCompile>
    <ClCompile Include="CImageSetting.cpp">
      <Filter>06.ImageSetting</Filter>
    </ClCompile>
    <ClCompile Include="CShadow.cpp">
      <Filter>07.Shadow</Filter>
    </ClCompile>
    <ClCompile Include="CPlayerState.cpp">
      <Filter>01.CObj\011.Player\StatePattern</Filter>
    </ClCompile>
    <ClCompile Include="CBoss.cpp">
      <Filter>01.CObj\015.Boss</Filter>
    </ClCompile>
    <ClCompile Include="CBossState.cpp">
      <Filter>01.CObj\015.Boss\StatePattern</Filter>
    </ClCompile>
    <ClCompile Include="CRocket.cpp">
      <Filter>01.CObj\012.Projectile\Bullet\05.Rocket</Filter>
    </ClCompile>
    <ClCompile Include="CEnemyManager.cpp">
      <Filter>97.Manager\EnemyManager</Filter>
    </ClCompile>
    <ClCompile Include="CItem.cpp">
      <Filter>01.CObj\016.Item</Filter>
    </ClCompile>
    <ClCompile Include="CItemState.cpp">
      <Filter>01.CObj\016.Item\StatePattern</Filter>
    </ClCompile>
    <ClCompile Include="CInteractionManager.cpp">
      <Filter>97.Manager\InteractionManager</Filter>
    </ClCompile>
    <ClCompile Include="CIntro.cpp">
      <Filter>02.Scene\022.Intro</Filter>
    </ClCompile>
    <ClCompile Include="CLogo.cpp">
      <Filter>02.Scene\021.Logo</Filter>
    </ClCompile>
    <ClCompile Include="CLobby.cpp">
      <Filter>02.Scene\023.Lobby</Filter>
    </ClCompile>
    <ClCompile Include="CButton.cpp">
      <Filter>08.UI\081.Button</Filter>
    </ClCompile>
    <ClCompile Include="CDecoStar.cpp">
      <Filter>08.UI\082.Star</Filter>
    </ClCompile>
    <ClCompile Include="CMenu.cpp">
      <Filter>02.Scene\024.Menu</Filter>
    </ClCompile>
    <ClCompile Include="CSelButton.cpp">
      <Filter>08.UI\083.SelButton</Filter>
    </ClCompile>
    <ClCompile Include="CStatBox.cpp">
      <Filter>08.UI\084.StatBox</Filter>
    </ClCompile>
    <ClCompile Include="CStatBoxButton.cpp">
      <Filter>08.UI\084.StatBox\StatBoxButton</Filter>
    </ClCompile>
    <ClCompile Include="CPlasma.cpp">
      <Filter>01.CObj\012.Projectile\Bullet\06.Plasma</Filter>
    </ClCompile>
    <ClCompile Include="CMouse.cpp">
      <Filter>09.Mouse</Filter>
    </ClCompile>
    <ClCompile Include="UICameraManager.cpp">
      <Filter>97.Manager\UICameraManager</Filter>
    </ClCompile>
    <ClCompile Include="CPlayerInfo.cpp">
      <Filter>08.UI\085.PlayerInfo</Filter>
    </ClCompile>
  </ItemGroup>
  <ItemGroup>
    <Image Include="small.ico">
      <Filter>99.Defaults</Filter>
    </Image>
    <Image Include="Client.ico">
      <Filter>99.Defaults\Client</Filter>
    </Image>
  </ItemGroup>
  <ItemGroup>
    <ResourceCompile Include="Client.rc">
      <Filter>99.Defaults\Client</Filter>
    </ResourceCompile>
  </ItemGroup>
</Project>